
Microsoft Visual Studio Solution File, Format Version 12.00
# Visual Studio 15
VisualStudioVersion = 15.0.28010.0
MinimumVisualStudioVersion = 10.0.40219.1
Project("{FAE04EC0-301F-11D3-BF4B-00C04F79EFBC}") = "MyTwitter", "MyTwitter\MyTwitter.csproj", "{D7F3B4A3-5CCA-45D8-BB3F-C7D18C934F50}"
EndProject
Global
	GlobalSection(SolutionConfigurationPlatforms) = preSolution
		Debug|Any CPU = Debug|Any CPU
		Release|Any CPU = Release|Any CPU
	EndGlobalSection
	GlobalSection(ProjectConfigurationPlatforms) = postSolution
		{D7F3B4A3-5CCA-45D8-BB3F-C7D18C934F50}.Debug|Any CPU.ActiveCfg = Debug|Any CPU
		{D7F3B4A3-5CCA-45D8-BB3F-C7D18C934F50}.Debug|Any CPU.Build.0 = Debug|Any CPU
		{D7F3B4A3-5CCA-45D8-BB3F-C7D18C934F50}.Release|Any CPU.ActiveCfg = Release|Any CPU
		{D7F3B4A3-5CCA-45D8-BB3F-C7D18C934F50}.Release|Any CPU.Build.0 = Release|Any CPU
	EndGlobalSection
	GlobalSection(SolutionProperties) = preSolution
		HideSolutionNode = FALSE
	EndGlobalSection
	GlobalSection(ExtensibilityGlobals) = postSolution
		SolutionGuid = {C0B2DD1F-6AAC-46B4-B102-1885B2806EA1}
	EndGlobalSection
EndGlobal
